
Microsoft Visual Studio Solution File, Format Version 12.00
# Visual Studio Version 17
VisualStudioVersion = 17.0.31717.71
MinimumVisualStudioVersion = 10.0.40219.1
Project("{9A19103F-16F7-4668-BE54-9A1E7A4F7556}") = "Worker", "Worker\Worker.csproj", "{552DC0CA-FBB1-4FF9-9DDD-3B9CF6ABF40A}"
EndProject
Project("{9A19103F-16F7-4668-BE54-9A1E7A4F7556}") = "TCPClient", "TCPClient\TCPClient.csproj", "{C8816D7D-E111-461C-BB47-B3D75B720CBD}"
EndProject
Project("{FAE04EC0-301F-11D3-BF4B-00C04F79EFBC}") = "UDPClient", "UDPClient\UDPClient.csproj", "{C82235B5-6C1C-40FB-9C03-D5C88C66B4EC}"
EndProject
Global
	GlobalSection(SolutionConfigurationPlatforms) = preSolution
		Debug|Any CPU = Debug|Any CPU
		Release|Any CPU = Release|Any CPU
	EndGlobalSection
	GlobalSection(ProjectConfigurationPlatforms) = postSolution
		{552DC0CA-FBB1-4FF9-9DDD-3B9CF6ABF40A}.Debug|Any CPU.ActiveCfg = Debug|Any CPU
		{552DC0CA-FBB1-4FF9-9DDD-3B9CF6ABF40A}.Debug|Any CPU.Build.0 = Debug|Any CPU
		{552DC0CA-FBB1-4FF9-9DDD-3B9CF6ABF40A}.Release|Any CPU.ActiveCfg = Release|Any CPU
		{552DC0CA-FBB1-4FF9-9DDD-3B9CF6ABF40A}.Release|Any CPU.Build.0 = Release|Any CPU
		{C8816D7D-E111-461C-BB47-B3D75B720CBD}.Debug|Any CPU.ActiveCfg = Debug|Any CPU
		{C8816D7D-E111-461C-BB47-B3D75B720CBD}.Debug|Any CPU.Build.0 = Debug|Any CPU
		{C8816D7D-E111-461C-BB47-B3D75B720CBD}.Release|Any CPU.ActiveCfg = Release|Any CPU
		{C8816D7D-E111-461C-BB47-B3D75B720CBD}.Release|Any CPU.Build.0 = Release|Any CPU
		{C82235B5-6C1C-40FB-9C03-D5C88C66B4EC}.Debug|Any CPU.ActiveCfg = Debug|Any CPU
		{C82235B5-6C1C-40FB-9C03-D5C88C66B4EC}.Debug|Any CPU.Build.0 = Debug|Any CPU
		{C82235B5-6C1C-40FB-9C03-D5C88C66B4EC}.Release|Any CPU.ActiveCfg = Release|Any CPU
		{C82235B5-6C1C-40FB-9C03-D5C88C66B4EC}.Release|Any CPU.Build.0 = Release|Any CPU
	EndGlobalSection
	GlobalSection(SolutionProperties) = preSolution
		HideSolutionNode = FALSE
	EndGlobalSection
	GlobalSection(ExtensibilityGlobals) = postSolution
		SolutionGuid = {63D9F00F-D46A-4744-88BD-F1CEB4FBE568}
	EndGlobalSection
EndGlobal
